
Microsoft Visual Studio Solution File, Format Version 12.00
# Visual Studio Version 17
VisualStudioVersion = 17.14.36603.0
MinimumVisualStudioVersion = 10.0.40219.1
Project("{FAE04EC0-301F-11D3-BF4B-00C04F79EFBC}") = "Airline.Tests", "Airline.Tests\Airline.Tests.csproj", "{B813F501-EA93-4258-A2CA-A43542C8EEF4}"
EndProject
Project("{FAE04EC0-301F-11D3-BF4B-00C04F79EFBC}") = "Airline.Application.Contracts", "Airline.Application.Contracts\Airline.Application.Contracts.csproj", "{0C965A98-CE55-DB0F-63D6-281C96FF8704}"
EndProject
Project("{FAE04EC0-301F-11D3-BF4B-00C04F79EFBC}") = "Airline.Infrastructure.EfCore", "Airline.Infrastructure.EfCore\Airline.Infrastructure.EfCore.csproj", "{E4208D1E-7EBE-1EF9-34F7-16DC641B398B}"
EndProject
Project("{FAE04EC0-301F-11D3-BF4B-00C04F79EFBC}") = "Airline.Application", "Airline.Application\Airline.Application.csproj", "{92A1A31C-40CB-802C-CCC3-246E0C50E4E1}"
EndProject
Project("{FAE04EC0-301F-11D3-BF4B-00C04F79EFBC}") = "Airline.Domain", "Airline.Domain\Airline.Domain.csproj", "{1A3ED493-FDE5-C37C-498C-1431A58B395A}"
EndProject
Project("{FAE04EC0-301F-11D3-BF4B-00C04F79EFBC}") = "Airline.Api.Host", "Airline.Api.Host\Airline.Api.Host.csproj", "{880A43A8-0013-9906-DB33-3DF18CDBA4EE}"
EndProject
Project("{FAE04EC0-301F-11D3-BF4B-00C04F79EFBC}") = "Airline.AppHost", "Airline.AppHost\Airline.AppHost.csproj", "{371AB662-A469-4684-8FC1-F5363996F00F}"
EndProject
Project("{FAE04EC0-301F-11D3-BF4B-00C04F79EFBC}") = "Airline.ServiceDefaults", "Airline.ServiceDefaults\Airline.ServiceDefaults.csproj", "{AB4A2E61-005D-D6AF-C18F-732B6C13F746}"
EndProject
Project("{FAE04EC0-301F-11D3-BF4B-00C04F79EFBC}") = "Airline.Generator.Kafka.Host", "Airline.Generator.Kafka.Host\Airline.Generator.Kafka.Host.csproj", "{21DA2267-8FDD-9E3B-3B8F-DE4339C512AB}"
EndProject
Global
	GlobalSection(SolutionConfigurationPlatforms) = preSolution
		Debug|Any CPU = Debug|Any CPU
		Release|Any CPU = Release|Any CPU
	EndGlobalSection
	GlobalSection(ProjectConfigurationPlatforms) = postSolution
		{B813F501-EA93-4258-A2CA-A43542C8EEF4}.Debug|Any CPU.ActiveCfg = Debug|Any CPU
		{B813F501-EA93-4258-A2CA-A43542C8EEF4}.Debug|Any CPU.Build.0 = Debug|Any CPU
		{B813F501-EA93-4258-A2CA-A43542C8EEF4}.Release|Any CPU.ActiveCfg = Release|Any CPU
		{B813F501-EA93-4258-A2CA-A43542C8EEF4}.Release|Any CPU.Build.0 = Release|Any CPU
		{0C965A98-CE55-DB0F-63D6-281C96FF8704}.Debug|Any CPU.ActiveCfg = Debug|Any CPU
		{0C965A98-CE55-DB0F-63D6-281C96FF8704}.Debug|Any CPU.Build.0 = Debug|Any CPU
		{0C965A98-CE55-DB0F-63D6-281C96FF8704}.Release|Any CPU.ActiveCfg = Release|Any CPU
		{0C965A98-CE55-DB0F-63D6-281C96FF8704}.Release|Any CPU.Build.0 = Release|Any CPU
		{E4208D1E-7EBE-1EF9-34F7-16DC641B398B}.Debug|Any CPU.ActiveCfg = Debug|Any CPU
		{E4208D1E-7EBE-1EF9-34F7-16DC641B398B}.Debug|Any CPU.Build.0 = Debug|Any CPU
		{E4208D1E-7EBE-1EF9-34F7-16DC641B398B}.Release|Any CPU.ActiveCfg = Release|Any CPU
		{E4208D1E-7EBE-1EF9-34F7-16DC641B398B}.Release|Any CPU.Build.0 = Release|Any CPU
		{92A1A31C-40CB-802C-CCC3-246E0C50E4E1}.Debug|Any CPU.ActiveCfg = Debug|Any CPU
		{92A1A31C-40CB-802C-CCC3-246E0C50E4E1}.Debug|Any CPU.Build.0 = Debug|Any CPU
		{92A1A31C-40CB-802C-CCC3-246E0C50E4E1}.Release|Any CPU.ActiveCfg = Release|Any CPU
		{92A1A31C-40CB-802C-CCC3-246E0C50E4E1}.Release|Any CPU.Build.0 = Release|Any CPU
		{1A3ED493-FDE5-C37C-498C-1431A58B395A}.Debug|Any CPU.ActiveCfg = Debug|Any CPU
		{1A3ED493-FDE5-C37C-498C-1431A58B395A}.Debug|Any CPU.Build.0 = Debug|Any CPU
		{1A3ED493-FDE5-C37C-498C-1431A58B395A}.Release|Any CPU.ActiveCfg = Release|Any CPU
		{1A3ED493-FDE5-C37C-498C-1431A58B395A}.Release|Any CPU.Build.0 = Release|Any CPU
		{880A43A8-0013-9906-DB33-3DF18CDBA4EE}.Debug|Any CPU.ActiveCfg = Debug|Any CPU
		{880A43A8-0013-9906-DB33-3DF18CDBA4EE}.Debug|Any CPU.Build.0 = Debug|Any CPU
		{880A43A8-0013-9906-DB33-3DF18CDBA4EE}.Release|Any CPU.ActiveCfg = Release|Any CPU
		{880A43A8-0013-9906-DB33-3DF18CDBA4EE}.Release|Any CPU.Build.0 = Release|Any CPU
		{371AB662-A469-4684-8FC1-F5363996F00F}.Debug|Any CPU.ActiveCfg = Debug|Any CPU
		{371AB662-A469-4684-8FC1-F5363996F00F}.Debug|Any CPU.Build.0 = Debug|Any CPU
		{371AB662-A469-4684-8FC1-F5363996F00F}.Release|Any CPU.ActiveCfg = Release|Any CPU
		{371AB662-A469-4684-8FC1-F5363996F00F}.Release|Any CPU.Build.0 = Release|Any CPU
		{AB4A2E61-005D-D6AF-C18F-732B6C13F746}.Debug|Any CPU.ActiveCfg = Debug|Any CPU
		{AB4A2E61-005D-D6AF-C18F-732B6C13F746}.Debug|Any CPU.Build.0 = Debug|Any CPU
		{AB4A2E61-005D-D6AF-C18F-732B6C13F746}.Release|Any CPU.ActiveCfg = Release|Any CPU
		{AB4A2E61-005D-D6AF-C18F-732B6C13F746}.Release|Any CPU.Build.0 = Release|Any CPU
		{21DA2267-8FDD-9E3B-3B8F-DE4339C512AB}.Debug|Any CPU.ActiveCfg = Debug|Any CPU
		{21DA2267-8FDD-9E3B-3B8F-DE4339C512AB}.Debug|Any CPU.Build.0 = Debug|Any CPU
		{21DA2267-8FDD-9E3B-3B8F-DE4339C512AB}.Release|Any CPU.ActiveCfg = Release|Any CPU
		{21DA2267-8FDD-9E3B-3B8F-DE4339C512AB}.Release|Any CPU.Build.0 = Release|Any CPU
	EndGlobalSection
	GlobalSection(SolutionProperties) = preSolution
		HideSolutionNode = FALSE
	EndGlobalSection
	GlobalSection(ExtensibilityGlobals) = postSolution
		SolutionGuid = {8A363FDF-5B26-493B-876E-8807EF719DEA}
	EndGlobalSection
EndGlobal
