
Microsoft Visual Studio Solution File, Format Version 12.00
# Visual Studio Version 17
VisualStudioVersion = 17.14.36603.0 d17.14
MinimumVisualStudioVersion = 10.0.40219.1
Project("{FAE04EC0-301F-11D3-BF4B-00C04F79EFBC}") = "Airline.Domain", "Airline.Domain\Airline.Domain.csproj", "{38BA7188-91A0-4C7F-89C8-3021DC8BCDA3}"
EndProject
Project("{FAE04EC0-301F-11D3-BF4B-00C04F79EFBC}") = "Airline.Tests", "Airline.Tests\Airline.Tests.csproj", "{B813F501-EA93-4258-A2CA-A43542C8EEF4}"
EndProject
Global
	GlobalSection(SolutionConfigurationPlatforms) = preSolution
		Debug|Any CPU = Debug|Any CPU
		Release|Any CPU = Release|Any CPU
	EndGlobalSection
	GlobalSection(ProjectConfigurationPlatforms) = postSolution
		{38BA7188-91A0-4C7F-89C8-3021DC8BCDA3}.Debug|Any CPU.ActiveCfg = Debug|Any CPU
		{38BA7188-91A0-4C7F-89C8-3021DC8BCDA3}.Debug|Any CPU.Build.0 = Debug|Any CPU
		{38BA7188-91A0-4C7F-89C8-3021DC8BCDA3}.Release|Any CPU.ActiveCfg = Release|Any CPU
		{38BA7188-91A0-4C7F-89C8-3021DC8BCDA3}.Release|Any CPU.Build.0 = Release|Any CPU
		{B813F501-EA93-4258-A2CA-A43542C8EEF4}.Debug|Any CPU.ActiveCfg = Debug|Any CPU
		{B813F501-EA93-4258-A2CA-A43542C8EEF4}.Debug|Any CPU.Build.0 = Debug|Any CPU
		{B813F501-EA93-4258-A2CA-A43542C8EEF4}.Release|Any CPU.ActiveCfg = Release|Any CPU
		{B813F501-EA93-4258-A2CA-A43542C8EEF4}.Release|Any CPU.Build.0 = Release|Any CPU
	EndGlobalSection
	GlobalSection(SolutionProperties) = preSolution
		HideSolutionNode = FALSE
	EndGlobalSection
	GlobalSection(ExtensibilityGlobals) = postSolution
		SolutionGuid = {8A363FDF-5B26-493B-876E-8807EF719DEA}
	EndGlobalSection
EndGlobal
